<Solution>
  <Folder Name="/src/">
    <Project Path="src/AgentContext.Application/AgentContext.Application.csproj" />
    <Project Path="src/AgentContext.Domain/AgentContext.Domain.csproj" />
    <Project Path="src/AgentContext.Host/AgentContext.Host.csproj" />
    <Project Path="src/AgentContext.Infrastructure/AgentContext.Infrastructure.csproj" />
  </Folder>
  <Folder Name="/tests/">
    <Project Path="tests/AgentContext.Application.Tests/AgentContext.Application.Tests.csproj" />
    <Project Path="tests/AgentContext.Host.Tests/AgentContext.Host.Tests.csproj" />
  </Folder>
</Solution>
